
Microsoft Visual Studio Solution File, Format Version 12.00
# Visual Studio Version 17
VisualStudioVersion = 17.0.31903.59
MinimumVisualStudioVersion = 10.0.40219.1
Project("{2150E333-8FDC-42A3-9474-1A3956D46DE8}") = "src", "src", "{9C6493DA-4B1D-410E-8F1C-62310E51827C}"
EndProject
Project("{FAE04EC0-301F-11D3-BF4B-00C04F79EFBC}") = "AuctionService", "src\AuctionService\AuctionService.csproj", "{964C182A-A56F-47F7-B9E6-B9DF569558E7}"
EndProject
Project("{FAE04EC0-301F-11D3-BF4B-00C04F79EFBC}") = "SearchService", "src\SearchService\SearchService.csproj", "{AE0A7FAE-6FEC-4424-B046-0F5602B655FD}"
EndProject
Project("{FAE04EC0-301F-11D3-BF4B-00C04F79EFBC}") = "Contracts", "src\Contracts\Contracts.csproj", "{233AF3EE-61EE-4B76-BEA1-7FABA1C67E1A}"
EndProject
Project("{FAE04EC0-301F-11D3-BF4B-00C04F79EFBC}") = "IdentityService", "src\IdentityService\IdentityService.csproj", "{A8D758E3-5802-4D38-B210-EC848A2FC144}"
EndProject
Project("{FAE04EC0-301F-11D3-BF4B-00C04F79EFBC}") = "GatewayService", "src\GatewayService\GatewayService.csproj", "{8F8341EF-8AD2-4CD1-8F22-71162A0D19C4}"
EndProject
Project("{2150E333-8FDC-42A3-9474-1A3956D46DE8}") = "tests", "tests", "{E5A40463-4AC4-40C9-A826-CDB726FD805D}"
EndProject
Project("{FAE04EC0-301F-11D3-BF4B-00C04F79EFBC}") = "AuctionService.UnitTests", "tests\AuctionService.UnitTests\AuctionService.UnitTests.csproj", "{BEF45231-8022-4E1A-BD30-33A5949512C0}"
EndProject
Project("{FAE04EC0-301F-11D3-BF4B-00C04F79EFBC}") = "AuctionService.IntegrationTests", "tests\AuctionService.IntegrationTests\AuctionService.IntegrationTests.csproj", "{F6B92A30-14DE-47B8-BBBD-29E18B529496}"
EndProject
Global
	GlobalSection(SolutionConfigurationPlatforms) = preSolution
		Debug|Any CPU = Debug|Any CPU
		Release|Any CPU = Release|Any CPU
	EndGlobalSection
	GlobalSection(ProjectConfigurationPlatforms) = postSolution
		{964C182A-A56F-47F7-B9E6-B9DF569558E7}.Debug|Any CPU.ActiveCfg = Debug|Any CPU
		{964C182A-A56F-47F7-B9E6-B9DF569558E7}.Debug|Any CPU.Build.0 = Debug|Any CPU
		{964C182A-A56F-47F7-B9E6-B9DF569558E7}.Release|Any CPU.ActiveCfg = Release|Any CPU
		{964C182A-A56F-47F7-B9E6-B9DF569558E7}.Release|Any CPU.Build.0 = Release|Any CPU
		{AE0A7FAE-6FEC-4424-B046-0F5602B655FD}.Debug|Any CPU.ActiveCfg = Debug|Any CPU
		{AE0A7FAE-6FEC-4424-B046-0F5602B655FD}.Debug|Any CPU.Build.0 = Debug|Any CPU
		{AE0A7FAE-6FEC-4424-B046-0F5602B655FD}.Release|Any CPU.ActiveCfg = Release|Any CPU
		{AE0A7FAE-6FEC-4424-B046-0F5602B655FD}.Release|Any CPU.Build.0 = Release|Any CPU
		{233AF3EE-61EE-4B76-BEA1-7FABA1C67E1A}.Debug|Any CPU.ActiveCfg = Debug|Any CPU
		{233AF3EE-61EE-4B76-BEA1-7FABA1C67E1A}.Debug|Any CPU.Build.0 = Debug|Any CPU
		{233AF3EE-61EE-4B76-BEA1-7FABA1C67E1A}.Release|Any CPU.ActiveCfg = Release|Any CPU
		{233AF3EE-61EE-4B76-BEA1-7FABA1C67E1A}.Release|Any CPU.Build.0 = Release|Any CPU
		{A8D758E3-5802-4D38-B210-EC848A2FC144}.Debug|Any CPU.ActiveCfg = Debug|Any CPU
		{A8D758E3-5802-4D38-B210-EC848A2FC144}.Debug|Any CPU.Build.0 = Debug|Any CPU
		{A8D758E3-5802-4D38-B210-EC848A2FC144}.Release|Any CPU.ActiveCfg = Release|Any CPU
		{A8D758E3-5802-4D38-B210-EC848A2FC144}.Release|Any CPU.Build.0 = Release|Any CPU
		{8F8341EF-8AD2-4CD1-8F22-71162A0D19C4}.Debug|Any CPU.ActiveCfg = Debug|Any CPU
		{8F8341EF-8AD2-4CD1-8F22-71162A0D19C4}.Debug|Any CPU.Build.0 = Debug|Any CPU
		{8F8341EF-8AD2-4CD1-8F22-71162A0D19C4}.Release|Any CPU.ActiveCfg = Release|Any CPU
		{8F8341EF-8AD2-4CD1-8F22-71162A0D19C4}.Release|Any CPU.Build.0 = Release|Any CPU
		{BEF45231-8022-4E1A-BD30-33A5949512C0}.Debug|Any CPU.ActiveCfg = Debug|Any CPU
		{BEF45231-8022-4E1A-BD30-33A5949512C0}.Debug|Any CPU.Build.0 = Debug|Any CPU
		{BEF45231-8022-4E1A-BD30-33A5949512C0}.Release|Any CPU.ActiveCfg = Release|Any CPU
		{BEF45231-8022-4E1A-BD30-33A5949512C0}.Release|Any CPU.Build.0 = Release|Any CPU
		{F6B92A30-14DE-47B8-BBBD-29E18B529496}.Debug|Any CPU.ActiveCfg = Debug|Any CPU
		{F6B92A30-14DE-47B8-BBBD-29E18B529496}.Debug|Any CPU.Build.0 = Debug|Any CPU
		{F6B92A30-14DE-47B8-BBBD-29E18B529496}.Release|Any CPU.ActiveCfg = Release|Any CPU
		{F6B92A30-14DE-47B8-BBBD-29E18B529496}.Release|Any CPU.Build.0 = Release|Any CPU
	EndGlobalSection
	GlobalSection(SolutionProperties) = preSolution
		HideSolutionNode = FALSE
	EndGlobalSection
	GlobalSection(NestedProjects) = preSolution
		{964C182A-A56F-47F7-B9E6-B9DF569558E7} = {9C6493DA-4B1D-410E-8F1C-62310E51827C}
		{AE0A7FAE-6FEC-4424-B046-0F5602B655FD} = {9C6493DA-4B1D-410E-8F1C-62310E51827C}
		{233AF3EE-61EE-4B76-BEA1-7FABA1C67E1A} = {9C6493DA-4B1D-410E-8F1C-62310E51827C}
		{A8D758E3-5802-4D38-B210-EC848A2FC144} = {9C6493DA-4B1D-410E-8F1C-62310E51827C}
		{8F8341EF-8AD2-4CD1-8F22-71162A0D19C4} = {9C6493DA-4B1D-410E-8F1C-62310E51827C}
		{BEF45231-8022-4E1A-BD30-33A5949512C0} = {E5A40463-4AC4-40C9-A826-CDB726FD805D}
		{F6B92A30-14DE-47B8-BBBD-29E18B529496} = {E5A40463-4AC4-40C9-A826-CDB726FD805D}
	EndGlobalSection
EndGlobal
